
Microsoft Visual Studio Solution File, Format Version 12.00
# Visual Studio Version 17
VisualStudioVersion = 17.11.35312.102
MinimumVisualStudioVersion = 10.0.40219.1
Project("{FAE04EC0-301F-11D3-BF4B-00C04F79EFBC}") = "Patko_Stefania_Lab1", "Patko_Stefania_Lab1\Patko_Stefania_Lab1.csproj", "{D69B4E3E-85C2-4274-A9B6-EC179E0176CC}"
EndProject
Global
	GlobalSection(SolutionConfigurationPlatforms) = preSolution
		Debug|Any CPU = Debug|Any CPU
		Release|Any CPU = Release|Any CPU
	EndGlobalSection
	GlobalSection(ProjectConfigurationPlatforms) = postSolution
		{D69B4E3E-85C2-4274-A9B6-EC179E0176CC}.Debug|Any CPU.ActiveCfg = Debug|Any CPU
		{D69B4E3E-85C2-4274-A9B6-EC179E0176CC}.Debug|Any CPU.Build.0 = Debug|Any CPU
		{D69B4E3E-85C2-4274-A9B6-EC179E0176CC}.Release|Any CPU.ActiveCfg = Release|Any CPU
		{D69B4E3E-85C2-4274-A9B6-EC179E0176CC}.Release|Any CPU.Build.0 = Release|Any CPU
	EndGlobalSection
	GlobalSection(SolutionProperties) = preSolution
		HideSolutionNode = FALSE
	EndGlobalSection
	GlobalSection(ExtensibilityGlobals) = postSolution
		SolutionGuid = {01FD718B-8E50-44D7-8030-6AB1E92D661D}
	EndGlobalSection
EndGlobal
